// !$*UTF8*$!
{
	archiveVersion = 1;
	classes = {
	};
	objectVersion = 56;
	objects = {

/* Begin PBXBuildFile section */
		CE4FAE2F2A5966F10058A694 /* CollectionViewTableViewCell.swift in Sources */ = {isa = PBXBuildFile; fileRef = CE4FAE2E2A5966F10058A694 /* CollectionViewTableViewCell.swift */; };
		CE4FAE312A597DF70058A694 /* HeroHeaderUIView.swift in Sources */ = {isa = PBXBuildFile; fileRef = CE4FAE302A597DF70058A694 /* HeroHeaderUIView.swift */; };
		CE76EFE12A5AC2C500F00C6F /* APICaller.swift in Sources */ = {isa = PBXBuildFile; fileRef = CE76EFE02A5AC2C500F00C6F /* APICaller.swift */; };
		CE76EFE32A5AD85900F00C6F /* Movie.swift in Sources */ = {isa = PBXBuildFile; fileRef = CE76EFE22A5AD85900F00C6F /* Movie.swift */; };
		CE76EFE52A5C706800F00C6F /* Extensions.swift in Sources */ = {isa = PBXBuildFile; fileRef = CE76EFE42A5C706800F00C6F /* Extensions.swift */; };
		CE76EFE92A5C770C00F00C6F /* TitleCollectionViewCell.swift in Sources */ = {isa = PBXBuildFile; fileRef = CE76EFE82A5C770C00F00C6F /* TitleCollectionViewCell.swift */; };
		CE76EFEC2A5C78E500F00C6F /* SDWebImage in Frameworks */ = {isa = PBXBuildFile; productRef = CE76EFEB2A5C78E500F00C6F /* SDWebImage */; };
		CE76EFEE2A5C78E500F00C6F /* SDWebImageMapKit in Frameworks */ = {isa = PBXBuildFile; productRef = CE76EFED2A5C78E500F00C6F /* SDWebImageMapKit */; };
		CEA09A532A5D22DB004770E7 /* TitleTableViewCell.swift in Sources */ = {isa = PBXBuildFile; fileRef = CEA09A522A5D22DB004770E7 /* TitleTableViewCell.swift */; };
		CEA09A552A5D2693004770E7 /* TitleViewModel.swift in Sources */ = {isa = PBXBuildFile; fileRef = CEA09A542A5D2693004770E7 /* TitleViewModel.swift */; };
		CEA09A572A5D3E76004770E7 /* SearchResultsViewController.swift in Sources */ = {isa = PBXBuildFile; fileRef = CEA09A562A5D3E76004770E7 /* SearchResultsViewController.swift */; };
		CEA09A5B2A5D5CC9004770E7 /* YouTubeSearchResponse.swift in Sources */ = {isa = PBXBuildFile; fileRef = CEA09A5A2A5D5CC9004770E7 /* YouTubeSearchResponse.swift */; };
		CEA09A5D2A5D5F58004770E7 /* TitlePreviewViewController.swift in Sources */ = {isa = PBXBuildFile; fileRef = CEA09A5C2A5D5F58004770E7 /* TitlePreviewViewController.swift */; };
		CEA09A5F2A5D624E004770E7 /* TitlepreviewViewModel.swift in Sources */ = {isa = PBXBuildFile; fileRef = CEA09A5E2A5D624E004770E7 /* TitlepreviewViewModel.swift */; };
		CEA09A852A5DA03F004770E7 /* NetfloxModel.xcdatamodeld in Sources */ = {isa = PBXBuildFile; fileRef = CEA09A832A5DA03F004770E7 /* NetfloxModel.xcdatamodeld */; };
		CEA09A872A5DA249004770E7 /* DataPersistenceManager.swift in Sources */ = {isa = PBXBuildFile; fileRef = CEA09A862A5DA249004770E7 /* DataPersistenceManager.swift */; };
		CED770BB2A58703B00A00951 /* AppDelegate.swift in Sources */ = {isa = PBXBuildFile; fileRef = CED770BA2A58703B00A00951 /* AppDelegate.swift */; };
		CED770BD2A58703B00A00951 /* SceneDelegate.swift in Sources */ = {isa = PBXBuildFile; fileRef = CED770BC2A58703B00A00951 /* SceneDelegate.swift */; };
		CED770BF2A58703B00A00951 /* MainTabViewController.swift in Sources */ = {isa = PBXBuildFile; fileRef = CED770BE2A58703B00A00951 /* MainTabViewController.swift */; };
		CED770C42A58703C00A00951 /* Assets.xcassets in Resources */ = {isa = PBXBuildFile; fileRef = CED770C32A58703C00A00951 /* Assets.xcassets */; };
		CED770C72A58703C00A00951 /* LaunchScreen.storyboard in Resources */ = {isa = PBXBuildFile; fileRef = CED770C52A58703C00A00951 /* LaunchScreen.storyboard */; };
		CED770D22A58703C00A00951 /* NetfloxTests.swift in Sources */ = {isa = PBXBuildFile; fileRef = CED770D12A58703C00A00951 /* NetfloxTests.swift */; };
		CED770DC2A58703C00A00951 /* NetfloxUITests.swift in Sources */ = {isa = PBXBuildFile; fileRef = CED770DB2A58703C00A00951 /* NetfloxUITests.swift */; };
		CED770DE2A58703C00A00951 /* NetfloxUITestsLaunchTests.swift in Sources */ = {isa = PBXBuildFile; fileRef = CED770DD2A58703C00A00951 /* NetfloxUITestsLaunchTests.swift */; };
		CED770EC2A58785500A00951 /* HomeViewController.swift in Sources */ = {isa = PBXBuildFile; fileRef = CED770EB2A58785500A00951 /* HomeViewController.swift */; };
		CED770EE2A5878BC00A00951 /* UpcomingViewController.swift in Sources */ = {isa = PBXBuildFile; fileRef = CED770ED2A5878BC00A00951 /* UpcomingViewController.swift */; };
		CED770F02A5878D500A00951 /* SearchViewController.swift in Sources */ = {isa = PBXBuildFile; fileRef = CED770EF2A5878D500A00951 /* SearchViewController.swift */; };
		CED770F22A5878F000A00951 /* DownloadsViewController.swift in Sources */ = {isa = PBXBuildFile; fileRef = CED770F12A5878F000A00951 /* DownloadsViewController.swift */; };
		CED9076D2A5E8D9F0048F832 /* Config.swift in Sources */ = {isa = PBXBuildFile; fileRef = CED9076C2A5E8D9F0048F832 /* Config.swift */; };
/* End PBXBuildFile section */

/* Begin PBXContainerItemProxy section */
		CED770CE2A58703C00A00951 /* PBXContainerItemProxy */ = {
			isa = PBXContainerItemProxy;
			containerPortal = CED770AF2A58703A00A00951 /* Project object */;
			proxyType = 1;
			remoteGlobalIDString = CED770B62A58703B00A00951;
			remoteInfo = Netflox;
		};
		CED770D82A58703C00A00951 /* PBXContainerItemProxy */ = {
			isa = PBXContainerItemProxy;
			containerPortal = CED770AF2A58703A00A00951 /* Project object */;
			proxyType = 1;
			remoteGlobalIDString = CED770B62A58703B00A00951;
			remoteInfo = Netflox;
		};
/* End PBXContainerItemProxy section */

/* Begin PBXFileReference section */
		CE4FAE2E2A5966F10058A694 /* CollectionViewTableViewCell.swift */ = {isa = PBXFileReference; lastKnownFileType = sourcecode.swift; path = CollectionViewTableViewCell.swift; sourceTree = "<group>"; };
		CE4FAE302A597DF70058A694 /* HeroHeaderUIView.swift */ = {isa = PBXFileReference; lastKnownFileType = sourcecode.swift; path = HeroHeaderUIView.swift; sourceTree = "<group>"; };
		CE76EFE02A5AC2C500F00C6F /* APICaller.swift */ = {isa = PBXFileReference; lastKnownFileType = sourcecode.swift; path = APICaller.swift; sourceTree = "<group>"; };
		CE76EFE22A5AD85900F00C6F /* Movie.swift */ = {isa = PBXFileReference; lastKnownFileType = sourcecode.swift; path = Movie.swift; sourceTree = "<group>"; };
		CE76EFE42A5C706800F00C6F /* Extensions.swift */ = {isa = PBXFileReference; lastKnownFileType = sourcecode.swift; path = Extensions.swift; sourceTree = "<group>"; };
		CE76EFE82A5C770C00F00C6F /* TitleCollectionViewCell.swift */ = {isa = PBXFileReference; lastKnownFileType = sourcecode.swift; path = TitleCollectionViewCell.swift; sourceTree = "<group>"; };
		CEA09A522A5D22DB004770E7 /* TitleTableViewCell.swift */ = {isa = PBXFileReference; lastKnownFileType = sourcecode.swift; path = TitleTableViewCell.swift; sourceTree = "<group>"; };
		CEA09A542A5D2693004770E7 /* TitleViewModel.swift */ = {isa = PBXFileReference; lastKnownFileType = sourcecode.swift; path = TitleViewModel.swift; sourceTree = "<group>"; };
		CEA09A562A5D3E76004770E7 /* SearchResultsViewController.swift */ = {isa = PBXFileReference; lastKnownFileType = sourcecode.swift; path = SearchResultsViewController.swift; sourceTree = "<group>"; };
		CEA09A5A2A5D5CC9004770E7 /* YouTubeSearchResponse.swift */ = {isa = PBXFileReference; lastKnownFileType = sourcecode.swift; path = YouTubeSearchResponse.swift; sourceTree = "<group>"; };
		CEA09A5C2A5D5F58004770E7 /* TitlePreviewViewController.swift */ = {isa = PBXFileReference; lastKnownFileType = sourcecode.swift; path = TitlePreviewViewController.swift; sourceTree = "<group>"; };
		CEA09A5E2A5D624E004770E7 /* TitlepreviewViewModel.swift */ = {isa = PBXFileReference; lastKnownFileType = sourcecode.swift; path = TitlepreviewViewModel.swift; sourceTree = "<group>"; };
		CEA09A842A5DA03F004770E7 /* NetfloxModel.xcdatamodel */ = {isa = PBXFileReference; lastKnownFileType = wrapper.xcdatamodel; path = NetfloxModel.xcdatamodel; sourceTree = "<group>"; };
		CEA09A862A5DA249004770E7 /* DataPersistenceManager.swift */ = {isa = PBXFileReference; lastKnownFileType = sourcecode.swift; path = DataPersistenceManager.swift; sourceTree = "<group>"; };
		CED770B72A58703B00A00951 /* Netflox.app */ = {isa = PBXFileReference; explicitFileType = wrapper.application; includeInIndex = 0; path = Netflox.app; sourceTree = BUILT_PRODUCTS_DIR; };
		CED770BA2A58703B00A00951 /* AppDelegate.swift */ = {isa = PBXFileReference; lastKnownFileType = sourcecode.swift; path = AppDelegate.swift; sourceTree = "<group>"; };
		CED770BC2A58703B00A00951 /* SceneDelegate.swift */ = {isa = PBXFileReference; lastKnownFileType = sourcecode.swift; path = SceneDelegate.swift; sourceTree = "<group>"; };
		CED770BE2A58703B00A00951 /* MainTabViewController.swift */ = {isa = PBXFileReference; lastKnownFileType = sourcecode.swift; path = MainTabViewController.swift; sourceTree = "<group>"; };
		CED770C32A58703C00A00951 /* Assets.xcassets */ = {isa = PBXFileReference; lastKnownFileType = folder.assetcatalog; path = Assets.xcassets; sourceTree = "<group>"; };
		CED770C62A58703C00A00951 /* Base */ = {isa = PBXFileReference; lastKnownFileType = file.storyboard; name = Base; path = Base.lproj/LaunchScreen.storyboard; sourceTree = "<group>"; };
		CED770C82A58703C00A00951 /* Info.plist */ = {isa = PBXFileReference; lastKnownFileType = text.plist.xml; path = Info.plist; sourceTree = "<group>"; };
		CED770CD2A58703C00A00951 /* NetfloxTests.xctest */ = {isa = PBXFileReference; explicitFileType = wrapper.cfbundle; includeInIndex = 0; path = NetfloxTests.xctest; sourceTree = BUILT_PRODUCTS_DIR; };
		CED770D12A58703C00A00951 /* NetfloxTests.swift */ = {isa = PBXFileReference; lastKnownFileType = sourcecode.swift; path = NetfloxTests.swift; sourceTree = "<group>"; };
		CED770D72A58703C00A00951 /* NetfloxUITests.xctest */ = {isa = PBXFileReference; explicitFileType = wrapper.cfbundle; includeInIndex = 0; path = NetfloxUITests.xctest; sourceTree = BUILT_PRODUCTS_DIR; };
		CED770DB2A58703C00A00951 /* NetfloxUITests.swift */ = {isa = PBXFileReference; lastKnownFileType = sourcecode.swift; path = NetfloxUITests.swift; sourceTree = "<group>"; };
		CED770DD2A58703C00A00951 /* NetfloxUITestsLaunchTests.swift */ = {isa = PBXFileReference; lastKnownFileType = sourcecode.swift; path = NetfloxUITestsLaunchTests.swift; sourceTree = "<group>"; };
		CED770EB2A58785500A00951 /* HomeViewController.swift */ = {isa = PBXFileReference; lastKnownFileType = sourcecode.swift; path = HomeViewController.swift; sourceTree = "<group>"; };
		CED770ED2A5878BC00A00951 /* UpcomingViewController.swift */ = {isa = PBXFileReference; lastKnownFileType = sourcecode.swift; path = UpcomingViewController.swift; sourceTree = "<group>"; };
		CED770EF2A5878D500A00951 /* SearchViewController.swift */ = {isa = PBXFileReference; lastKnownFileType = sourcecode.swift; path = SearchViewController.swift; sourceTree = "<group>"; };
		CED770F12A5878F000A00951 /* DownloadsViewController.swift */ = {isa = PBXFileReference; lastKnownFileType = sourcecode.swift; path = DownloadsViewController.swift; sourceTree = "<group>"; };
		CED907692A5E8A6E0048F832 /* Config.xcconfig */ = {isa = PBXFileReference; lastKnownFileType = text.xcconfig; path = Config.xcconfig; sourceTree = "<group>"; };
		CED9076C2A5E8D9F0048F832 /* Config.swift */ = {isa = PBXFileReference; lastKnownFileType = sourcecode.swift; path = Config.swift; sourceTree = "<group>"; };
/* End PBXFileReference section */

/* Begin PBXFrameworksBuildPhase section */
		CED770B42A58703B00A00951 /* Frameworks */ = {
			isa = PBXFrameworksBuildPhase;
			buildActionMask = 2147483647;
			files = (
				CE76EFEE2A5C78E500F00C6F /* SDWebImageMapKit in Frameworks */,
				CE76EFEC2A5C78E500F00C6F /* SDWebImage in Frameworks */,
			);
			runOnlyForDeploymentPostprocessing = 0;
		};
		CED770CA2A58703C00A00951 /* Frameworks */ = {
			isa = PBXFrameworksBuildPhase;
			buildActionMask = 2147483647;
			files = (
			);
			runOnlyForDeploymentPostprocessing = 0;
		};
		CED770D42A58703C00A00951 /* Frameworks */ = {
			isa = PBXFrameworksBuildPhase;
			buildActionMask = 2147483647;
			files = (
			);
			runOnlyForDeploymentPostprocessing = 0;
		};
/* End PBXFrameworksBuildPhase section */

/* Begin PBXGroup section */
		CE4FAE282A59663D0058A694 /* Views */ = {
			isa = PBXGroup;
			children = (
				CE4FAE2E2A5966F10058A694 /* CollectionViewTableViewCell.swift */,
				CE4FAE302A597DF70058A694 /* HeroHeaderUIView.swift */,
				CE76EFE82A5C770C00F00C6F /* TitleCollectionViewCell.swift */,
				CEA09A522A5D22DB004770E7 /* TitleTableViewCell.swift */,
			);
			path = Views;
			sourceTree = "<group>";
		};
		CE4FAE292A5966440058A694 /* Models */ = {
			isa = PBXGroup;
			children = (
				CE76EFE22A5AD85900F00C6F /* Movie.swift */,
				CEA09A5A2A5D5CC9004770E7 /* YouTubeSearchResponse.swift */,
			);
			path = Models;
			sourceTree = "<group>";
		};
		CE4FAE2A2A59664E0058A694 /* ViewModels */ = {
			isa = PBXGroup;
			children = (
				CEA09A5E2A5D624E004770E7 /* TitlepreviewViewModel.swift */,
				CEA09A542A5D2693004770E7 /* TitleViewModel.swift */,
			);
			path = ViewModels;
			sourceTree = "<group>";
		};
		CE4FAE2B2A5966700058A694 /* Resources */ = {
			isa = PBXGroup;
			children = (
				CED770BA2A58703B00A00951 /* AppDelegate.swift */,
				CED770BC2A58703B00A00951 /* SceneDelegate.swift */,
				CE76EFE42A5C706800F00C6F /* Extensions.swift */,
			);
			path = Resources;
			sourceTree = "<group>";
		};
		CE4FAE2D2A5966870058A694 /* Managers */ = {
			isa = PBXGroup;
			children = (
				CE76EFE02A5AC2C500F00C6F /* APICaller.swift */,
				CEA09A862A5DA249004770E7 /* DataPersistenceManager.swift */,
			);
			path = Managers;
			sourceTree = "<group>";
		};
		CEA09A582A5D3E99004770E7 /* Core */ = {
			isa = PBXGroup;
			children = (
				CED770EB2A58785500A00951 /* HomeViewController.swift */,
				CED770BE2A58703B00A00951 /* MainTabViewController.swift */,
				CED770ED2A5878BC00A00951 /* UpcomingViewController.swift */,
				CED770EF2A5878D500A00951 /* SearchViewController.swift */,
				CED770F12A5878F000A00951 /* DownloadsViewController.swift */,
			);
			path = Core;
			sourceTree = "<group>";
		};
		CEA09A592A5D3EA6004770E7 /* General */ = {
			isa = PBXGroup;
			children = (
				CEA09A562A5D3E76004770E7 /* SearchResultsViewController.swift */,
				CEA09A5C2A5D5F58004770E7 /* TitlePreviewViewController.swift */,
			);
			path = General;
			sourceTree = "<group>";
		};
		CED770AE2A58703A00A00951 = {
			isa = PBXGroup;
			children = (
				CED770B92A58703B00A00951 /* Netflox */,
				CED770D02A58703C00A00951 /* NetfloxTests */,
				CED770DA2A58703C00A00951 /* NetfloxUITests */,
				CED770B82A58703B00A00951 /* Products */,
			);
			sourceTree = "<group>";
		};
		CED770B82A58703B00A00951 /* Products */ = {
			isa = PBXGroup;
			children = (
				CED770B72A58703B00A00951 /* Netflox.app */,
				CED770CD2A58703C00A00951 /* NetfloxTests.xctest */,
				CED770D72A58703C00A00951 /* NetfloxUITests.xctest */,
			);
			name = Products;
			sourceTree = "<group>";
		};
		CED770B92A58703B00A00951 /* Netflox */ = {
			isa = PBXGroup;
			children = (
				CED907682A5E8A3C0048F832 /* Configuration */,
				CE4FAE2D2A5966870058A694 /* Managers */,
				CE4FAE2B2A5966700058A694 /* Resources */,
				CE4FAE292A5966440058A694 /* Models */,
				CE4FAE282A59663D0058A694 /* Views */,
				CE4FAE2A2A59664E0058A694 /* ViewModels */,
				CED770EA2A5877FE00A00951 /* Controllers */,
				CED770C32A58703C00A00951 /* Assets.xcassets */,
				CED770C52A58703C00A00951 /* LaunchScreen.storyboard */,
				CED770C82A58703C00A00951 /* Info.plist */,
				CEA09A832A5DA03F004770E7 /* NetfloxModel.xcdatamodeld */,
			);
			path = Netflox;
			sourceTree = "<group>";
		};
		CED770D02A58703C00A00951 /* NetfloxTests */ = {
			isa = PBXGroup;
			children = (
				CED770D12A58703C00A00951 /* NetfloxTests.swift */,
			);
			path = NetfloxTests;
			sourceTree = "<group>";
		};
		CED770DA2A58703C00A00951 /* NetfloxUITests */ = {
			isa = PBXGroup;
			children = (
				CED770DB2A58703C00A00951 /* NetfloxUITests.swift */,
				CED770DD2A58703C00A00951 /* NetfloxUITestsLaunchTests.swift */,
			);
			path = NetfloxUITests;
			sourceTree = "<group>";
		};
		CED770EA2A5877FE00A00951 /* Controllers */ = {
			isa = PBXGroup;
			children = (
				CEA09A592A5D3EA6004770E7 /* General */,
				CEA09A582A5D3E99004770E7 /* Core */,
			);
			path = Controllers;
			sourceTree = "<group>";
		};
		CED907682A5E8A3C0048F832 /* Configuration */ = {
			isa = PBXGroup;
			children = (
				CED907692A5E8A6E0048F832 /* Config.xcconfig */,
				CED9076C2A5E8D9F0048F832 /* Config.swift */,
			);
			path = Configuration;
			sourceTree = "<group>";
		};
/* End PBXGroup section */

/* Begin PBXNativeTarget section */
		CED770B62A58703B00A00951 /* Netflox */ = {
			isa = PBXNativeTarget;
			buildConfigurationList = CED770E12A58703C00A00951 /* Build configuration list for PBXNativeTarget "Netflox" */;
			buildPhases = (
				CED770B32A58703B00A00951 /* Sources */,
				CED770B42A58703B00A00951 /* Frameworks */,
				CED770B52A58703B00A00951 /* Resources */,
			);
			buildRules = (
			);
			dependencies = (
			);
			name = Netflox;
			packageProductDependencies = (
				CE76EFEB2A5C78E500F00C6F /* SDWebImage */,
				CE76EFED2A5C78E500F00C6F /* SDWebImageMapKit */,
			);
			productName = Netflox;
			productReference = CED770B72A58703B00A00951 /* Netflox.app */;
			productType = "com.apple.product-type.application";
		};
		CED770CC2A58703C00A00951 /* NetfloxTests */ = {
			isa = PBXNativeTarget;
			buildConfigurationList = CED770E42A58703C00A00951 /* Build configuration list for PBXNativeTarget "NetfloxTests" */;
			buildPhases = (
				CED770C92A58703C00A00951 /* Sources */,
				CED770CA2A58703C00A00951 /* Frameworks */,
				CED770CB2A58703C00A00951 /* Resources */,
			);
			buildRules = (
			);
			dependencies = (
				CED770CF2A58703C00A00951 /* PBXTargetDependency */,
			);
			name = NetfloxTests;
			productName = NetfloxTests;
			productReference = CED770CD2A58703C00A00951 /* NetfloxTests.xctest */;
			productType = "com.apple.product-type.bundle.unit-test";
		};
		CED770D62A58703C00A00951 /* NetfloxUITests */ = {
			isa = PBXNativeTarget;
			buildConfigurationList = CED770E72A58703C00A00951 /* Build configuration list for PBXNativeTarget "NetfloxUITests" */;
			buildPhases = (
				CED770D32A58703C00A00951 /* Sources */,
				CED770D42A58703C00A00951 /* Frameworks */,
				CED770D52A58703C00A00951 /* Resources */,
			);
			buildRules = (
			);
			dependencies = (
				CED770D92A58703C00A00951 /* PBXTargetDependency */,
			);
			name = NetfloxUITests;
			productName = NetfloxUITests;
			productReference = CED770D72A58703C00A00951 /* NetfloxUITests.xctest */;
			productType = "com.apple.product-type.bundle.ui-testing";
		};
/* End PBXNativeTarget section */

/* Begin PBXProject section */
		CED770AF2A58703A00A00951 /* Project object */ = {
			isa = PBXProject;
			attributes = {
				BuildIndependentTargetsInParallel = 1;
				LastSwiftUpdateCheck = 1430;
				LastUpgradeCheck = 1430;
				TargetAttributes = {
					CED770B62A58703B00A00951 = {
						CreatedOnToolsVersion = 14.3.1;
					};
					CED770CC2A58703C00A00951 = {
						CreatedOnToolsVersion = 14.3.1;
						TestTargetID = CED770B62A58703B00A00951;
					};
					CED770D62A58703C00A00951 = {
						CreatedOnToolsVersion = 14.3.1;
						TestTargetID = CED770B62A58703B00A00951;
					};
				};
			};
			buildConfigurationList = CED770B22A58703A00A00951 /* Build configuration list for PBXProject "Netflox" */;
			compatibilityVersion = "Xcode 14.0";
			developmentRegion = en;
			hasScannedForEncodings = 0;
			knownRegions = (
				en,
				Base,
			);
			mainGroup = CED770AE2A58703A00A00951;
			packageReferences = (
				CE76EFEA2A5C78E500F00C6F /* XCRemoteSwiftPackageReference "SDWebImage" */,
			);
			productRefGroup = CED770B82A58703B00A00951 /* Products */;
			projectDirPath = "";
			projectRoot = "";
			targets = (
				CED770B62A58703B00A00951 /* Netflox */,
				CED770CC2A58703C00A00951 /* NetfloxTests */,
				CED770D62A58703C00A00951 /* NetfloxUITests */,
			);
		};
/* End PBXProject section */

/* Begin PBXResourcesBuildPhase section */
		CED770B52A58703B00A00951 /* Resources */ = {
			isa = PBXResourcesBuildPhase;
			buildActionMask = 2147483647;
			files = (
				CED770C72A58703C00A00951 /* LaunchScreen.storyboard in Resources */,
				CED770C42A58703C00A00951 /* Assets.xcassets in Resources */,
			);
			runOnlyForDeploymentPostprocessing = 0;
		};
		CED770CB2A58703C00A00951 /* Resources */ = {
			isa = PBXResourcesBuildPhase;
			buildActionMask = 2147483647;
			files = (
			);
			runOnlyForDeploymentPostprocessing = 0;
		};
		CED770D52A58703C00A00951 /* Resources */ = {
			isa = PBXResourcesBuildPhase;
			buildActionMask = 2147483647;
			files = (
			);
			runOnlyForDeploymentPostprocessing = 0;
		};
/* End PBXResourcesBuildPhase section */

/* Begin PBXSourcesBuildPhase section */
		CED770B32A58703B00A00951 /* Sources */ = {
			isa = PBXSourcesBuildPhase;
			buildActionMask = 2147483647;
			files = (
				CEA09A532A5D22DB004770E7 /* TitleTableViewCell.swift in Sources */,
				CED770F02A5878D500A00951 /* SearchViewController.swift in Sources */,
				CEA09A852A5DA03F004770E7 /* NetfloxModel.xcdatamodeld in Sources */,
				CE76EFE92A5C770C00F00C6F /* TitleCollectionViewCell.swift in Sources */,
				CED770BF2A58703B00A00951 /* MainTabViewController.swift in Sources */,
				CE4FAE2F2A5966F10058A694 /* CollectionViewTableViewCell.swift in Sources */,
				CE4FAE312A597DF70058A694 /* HeroHeaderUIView.swift in Sources */,
				CED770F22A5878F000A00951 /* DownloadsViewController.swift in Sources */,
				CE76EFE12A5AC2C500F00C6F /* APICaller.swift in Sources */,
				CEA09A872A5DA249004770E7 /* DataPersistenceManager.swift in Sources */,
				CED770BB2A58703B00A00951 /* AppDelegate.swift in Sources */,
				CEA09A572A5D3E76004770E7 /* SearchResultsViewController.swift in Sources */,
				CE76EFE52A5C706800F00C6F /* Extensions.swift in Sources */,
				CEA09A5B2A5D5CC9004770E7 /* YouTubeSearchResponse.swift in Sources */,
				CED770BD2A58703B00A00951 /* SceneDelegate.swift in Sources */,
				CED9076D2A5E8D9F0048F832 /* Config.swift in Sources */,
				CED770EE2A5878BC00A00951 /* UpcomingViewController.swift in Sources */,
				CEA09A5D2A5D5F58004770E7 /* TitlePreviewViewController.swift in Sources */,
				CEA09A5F2A5D624E004770E7 /* TitlepreviewViewModel.swift in Sources */,
				CE76EFE32A5AD85900F00C6F /* Movie.swift in Sources */,
				CED770EC2A58785500A00951 /* HomeViewController.swift in Sources */,
				CEA09A552A5D2693004770E7 /* TitleViewModel.swift in Sources */,
			);
			runOnlyForDeploymentPostprocessing = 0;
		};
		CED770C92A58703C00A00951 /* Sources */ = {
			isa = PBXSourcesBuildPhase;
			buildActionMask = 2147483647;
			files = (
				CED770D22A58703C00A00951 /* NetfloxTests.swift in Sources */,
			);
			runOnlyForDeploymentPostprocessing = 0;
		};
		CED770D32A58703C00A00951 /* Sources */ = {
			isa = PBXSourcesBuildPhase;
			buildActionMask = 2147483647;
			files = (
				CED770DC2A58703C00A00951 /* NetfloxUITests.swift in Sources */,
				CED770DE2A58703C00A00951 /* NetfloxUITestsLaunchTests.swift in Sources */,
			);
			runOnlyForDeploymentPostprocessing = 0;
		};
/* End PBXSourcesBuildPhase section */

/* Begin PBXTargetDependency section */
		CED770CF2A58703C00A00951 /* PBXTargetDependency */ = {
			isa = PBXTargetDependency;
			target = CED770B62A58703B00A00951 /* Netflox */;
			targetProxy = CED770CE2A58703C00A00951 /* PBXContainerItemProxy */;
		};
		CED770D92A58703C00A00951 /* PBXTargetDependency */ = {
			isa = PBXTargetDependency;
			target = CED770B62A58703B00A00951 /* Netflox */;
			targetProxy = CED770D82A58703C00A00951 /* PBXContainerItemProxy */;
		};
/* End PBXTargetDependency section */

/* Begin PBXVariantGroup section */
		CED770C52A58703C00A00951 /* LaunchScreen.storyboard */ = {
			isa = PBXVariantGroup;
			children = (
				CED770C62A58703C00A00951 /* Base */,
			);
			name = LaunchScreen.storyboard;
			sourceTree = "<group>";
		};
/* End PBXVariantGroup section */

/* Begin XCBuildConfiguration section */
		CED770DF2A58703C00A00951 /* Debug */ = {
			isa = XCBuildConfiguration;
			baseConfigurationReference = CED907692A5E8A6E0048F832 /* Config.xcconfig */;
			buildSettings = {
				ALWAYS_SEARCH_USER_PATHS = NO;
				CLANG_ANALYZER_NONNULL = YES;
				CLANG_ANALYZER_NUMBER_OBJECT_CONVERSION = YES_AGGRESSIVE;
				CLANG_CXX_LANGUAGE_STANDARD = "gnu++20";
				CLANG_ENABLE_MODULES = YES;
				CLANG_ENABLE_OBJC_ARC = YES;
				CLANG_ENABLE_OBJC_WEAK = YES;
				CLANG_WARN_BLOCK_CAPTURE_AUTORELEASING = YES;
				CLANG_WARN_BOOL_CONVERSION = YES;
				CLANG_WARN_COMMA = YES;
				CLANG_WARN_CONSTANT_CONVERSION = YES;
				CLANG_WARN_DEPRECATED_OBJC_IMPLEMENTATIONS = YES;
				CLANG_WARN_DIRECT_OBJC_ISA_USAGE = YES_ERROR;
				CLANG_WARN_DOCUMENTATION_COMMENTS = YES;
				CLANG_WARN_EMPTY_BODY = YES;
				CLANG_WARN_ENUM_CONVERSION = YES;
				CLANG_WARN_INFINITE_RECURSION = YES;
				CLANG_WARN_INT_CONVERSION = YES;
				CLANG_WARN_NON_LITERAL_NULL_CONVERSION = YES;
				CLANG_WARN_OBJC_IMPLICIT_RETAIN_SELF = YES;
				CLANG_WARN_OBJC_LITERAL_CONVERSION = YES;
				CLANG_WARN_OBJC_ROOT_CLASS = YES_ERROR;
				CLANG_WARN_QUOTED_INCLUDE_IN_FRAMEWORK_HEADER = YES;
				CLANG_WARN_RANGE_LOOP_ANALYSIS = YES;
				CLANG_WARN_STRICT_PROTOTYPES = YES;
				CLANG_WARN_SUSPICIOUS_MOVE = YES;
				CLANG_WARN_UNGUARDED_AVAILABILITY = YES_AGGRESSIVE;
				CLANG_WARN_UNREACHABLE_CODE = YES;
				CLANG_WARN__DUPLICATE_METHOD_MATCH = YES;
				COPY_PHASE_STRIP = NO;
				DEBUG_INFORMATION_FORMAT = dwarf;
				ENABLE_STRICT_OBJC_MSGSEND = YES;
				ENABLE_TESTABILITY = YES;
				GCC_C_LANGUAGE_STANDARD = gnu11;
				GCC_DYNAMIC_NO_PIC = NO;
				GCC_NO_COMMON_BLOCKS = YES;
				GCC_OPTIMIZATION_LEVEL = 0;
				GCC_PREPROCESSOR_DEFINITIONS = (
					"DEBUG=1",
					"$(inherited)",
				);
				GCC_WARN_64_TO_32_BIT_CONVERSION = YES;
				GCC_WARN_ABOUT_RETURN_TYPE = YES_ERROR;
				GCC_WARN_UNDECLARED_SELECTOR = YES;
				GCC_WARN_UNINITIALIZED_AUTOS = YES_AGGRESSIVE;
				GCC_WARN_UNUSED_FUNCTION = YES;
				GCC_WARN_UNUSED_VARIABLE = YES;
				IPHONEOS_DEPLOYMENT_TARGET = 16.4;
				MTL_ENABLE_DEBUG_INFO = INCLUDE_SOURCE;
				MTL_FAST_MATH = YES;
				ONLY_ACTIVE_ARCH = YES;
				SDKROOT = iphoneos;
				SWIFT_ACTIVE_COMPILATION_CONDITIONS = DEBUG;
				SWIFT_OPTIMIZATION_LEVEL = "-Onone";
			};
			name = Debug;
		};
		CED770E02A58703C00A00951 /* Release */ = {
			isa = XCBuildConfiguration;
			buildSettings = {
				ALWAYS_SEARCH_USER_PATHS = NO;
				CLANG_ANALYZER_NONNULL = YES;
				CLANG_ANALYZER_NUMBER_OBJECT_CONVERSION = YES_AGGRESSIVE;
				CLANG_CXX_LANGUAGE_STANDARD = "gnu++20";
				CLANG_ENABLE_MODULES = YES;
				CLANG_ENABLE_OBJC_ARC = YES;
				CLANG_ENABLE_OBJC_WEAK = YES;
				CLANG_WARN_BLOCK_CAPTURE_AUTORELEASING = YES;
				CLANG_WARN_BOOL_CONVERSION = YES;
				CLANG_WARN_COMMA = YES;
				CLANG_WARN_CONSTANT_CONVERSION = YES;
				CLANG_WARN_DEPRECATED_OBJC_IMPLEMENTATIONS = YES;
				CLANG_WARN_DIRECT_OBJC_ISA_USAGE = YES_ERROR;
				CLANG_WARN_DOCUMENTATION_COMMENTS = YES;
				CLANG_WARN_EMPTY_BODY = YES;
				CLANG_WARN_ENUM_CONVERSION = YES;
				CLANG_WARN_INFINITE_RECURSION = YES;
				CLANG_WARN_INT_CONVERSION = YES;
				CLANG_WARN_NON_LITERAL_NULL_CONVERSION = YES;
				CLANG_WARN_OBJC_IMPLICIT_RETAIN_SELF = YES;
				CLANG_WARN_OBJC_LITERAL_CONVERSION = YES;
				CLANG_WARN_OBJC_ROOT_CLASS = YES_ERROR;
				CLANG_WARN_QUOTED_INCLUDE_IN_FRAMEWORK_HEADER = YES;
				CLANG_WARN_RANGE_LOOP_ANALYSIS = YES;
				CLANG_WARN_STRICT_PROTOTYPES = YES;
				CLANG_WARN_SUSPICIOUS_MOVE = YES;
				CLANG_WARN_UNGUARDED_AVAILABILITY = YES_AGGRESSIVE;
				CLANG_WARN_UNREACHABLE_CODE = YES;
				CLANG_WARN__DUPLICATE_METHOD_MATCH = YES;
				COPY_PHASE_STRIP = NO;
				DEBUG_INFORMATION_FORMAT = "dwarf-with-dsym";
				ENABLE_NS_ASSERTIONS = NO;
				ENABLE_STRICT_OBJC_MSGSEND = YES;
				GCC_C_LANGUAGE_STANDARD = gnu11;
				GCC_NO_COMMON_BLOCKS = YES;
				GCC_WARN_64_TO_32_BIT_CONVERSION = YES;
				GCC_WARN_ABOUT_RETURN_TYPE = YES_ERROR;
				GCC_WARN_UNDECLARED_SELECTOR = YES;
				GCC_WARN_UNINITIALIZED_AUTOS = YES_AGGRESSIVE;
				GCC_WARN_UNUSED_FUNCTION = YES;
				GCC_WARN_UNUSED_VARIABLE = YES;
				IPHONEOS_DEPLOYMENT_TARGET = 16.4;
				MTL_ENABLE_DEBUG_INFO = NO;
				MTL_FAST_MATH = YES;
				SDKROOT = iphoneos;
				SWIFT_COMPILATION_MODE = wholemodule;
				SWIFT_OPTIMIZATION_LEVEL = "-O";
				VALIDATE_PRODUCT = YES;
			};
			name = Release;
		};
		CED770E22A58703C00A00951 /* Debug */ = {
			isa = XCBuildConfiguration;
			buildSettings = {
				ASSETCATALOG_COMPILER_APPICON_NAME = AppIcon;
				ASSETCATALOG_COMPILER_GLOBAL_ACCENT_COLOR_NAME = AccentColor;
				CODE_SIGN_STYLE = Automatic;
				CURRENT_PROJECT_VERSION = 1;
				DEVELOPMENT_TEAM = 8R2XG7VUGN;
				GENERATE_INFOPLIST_FILE = YES;
				INFOPLIST_FILE = Netflox/Info.plist;
				INFOPLIST_KEY_UIApplicationSupportsIndirectInputEvents = YES;
				INFOPLIST_KEY_UILaunchStoryboardName = LaunchScreen;
				INFOPLIST_KEY_UISupportedInterfaceOrientations_iPad = "UIInterfaceOrientationPortrait UIInterfaceOrientationPortraitUpsideDown UIInterfaceOrientationLandscapeLeft UIInterfaceOrientationLandscapeRight";
				INFOPLIST_KEY_UISupportedInterfaceOrientations_iPhone = "UIInterfaceOrientationPortrait UIInterfaceOrientationLandscapeLeft UIInterfaceOrientationLandscapeRight";
				LD_RUNPATH_SEARCH_PATHS = (
					"$(inherited)",
					"@executable_path/Frameworks",
				);
				MARKETING_VERSION = 1.0;
				PRODUCT_BUNDLE_IDENTIFIER = com.nomadmack.Netflox;
				PRODUCT_NAME = "$(TARGET_NAME)";
				SWIFT_EMIT_LOC_STRINGS = YES;
				SWIFT_VERSION = 5.0;
				TARGETED_DEVICE_FAMILY = "1,2";
			};
			name = Debug;
		};
		CED770E32A58703C00A00951 /* Release */ = {
			isa = XCBuildConfiguration;
			buildSettings = {
				ASSETCATALOG_COMPILER_APPICON_NAME = AppIcon;
				ASSETCATALOG_COMPILER_GLOBAL_ACCENT_COLOR_NAME = AccentColor;
				CODE_SIGN_STYLE = Automatic;
				CURRENT_PROJECT_VERSION = 1;
				DEVELOPMENT_TEAM = 8R2XG7VUGN;
				GENERATE_INFOPLIST_FILE = YES;
				INFOPLIST_FILE = Netflox/Info.plist;
				INFOPLIST_KEY_UIApplicationSupportsIndirectInputEvents = YES;
				INFOPLIST_KEY_UILaunchStoryboardName = LaunchScreen;
				INFOPLIST_KEY_UISupportedInterfaceOrientations_iPad = "UIInterfaceOrientationPortrait UIInterfaceOrientationPortraitUpsideDown UIInterfaceOrientationLandscapeLeft UIInterfaceOrientationLandscapeRight";
				INFOPLIST_KEY_UISupportedInterfaceOrientations_iPhone = "UIInterfaceOrientationPortrait UIInterfaceOrientationLandscapeLeft UIInterfaceOrientationLandscapeRight";
				LD_RUNPATH_SEARCH_PATHS = (
					"$(inherited)",
					"@executable_path/Frameworks",
				);
				MARKETING_VERSION = 1.0;
				PRODUCT_BUNDLE_IDENTIFIER = com.nomadmack.Netflox;
				PRODUCT_NAME = "$(TARGET_NAME)";
				SWIFT_EMIT_LOC_STRINGS = YES;
				SWIFT_VERSION = 5.0;
				TARGETED_DEVICE_FAMILY = "1,2";
			};
			name = Release;
		};
		CED770E52A58703C00A00951 /* Debug */ = {
			isa = XCBuildConfiguration;
			buildSettings = {
				ALWAYS_EMBED_SWIFT_STANDARD_LIBRARIES = YES;
				BUNDLE_LOADER = "$(TEST_HOST)";
				CODE_SIGN_STYLE = Automatic;
				CURRENT_PROJECT_VERSION = 1;
				DEVELOPMENT_TEAM = 8R2XG7VUGN;
				GENERATE_INFOPLIST_FILE = YES;
				IPHONEOS_DEPLOYMENT_TARGET = 16.4;
				MARKETING_VERSION = 1.0;
				PRODUCT_BUNDLE_IDENTIFIER = com.nomadmack.NetfloxTests;
				PRODUCT_NAME = "$(TARGET_NAME)";
				SWIFT_EMIT_LOC_STRINGS = NO;
				SWIFT_VERSION = 5.0;
				TARGETED_DEVICE_FAMILY = "1,2";
				TEST_HOST = "$(BUILT_PRODUCTS_DIR)/Netflox.app/$(BUNDLE_EXECUTABLE_FOLDER_PATH)/Netflox";
			};
			name = Debug;
		};
		CED770E62A58703C00A00951 /* Release */ = {
			isa = XCBuildConfiguration;
			buildSettings = {
				ALWAYS_EMBED_SWIFT_STANDARD_LIBRARIES = YES;
				BUNDLE_LOADER = "$(TEST_HOST)";
				CODE_SIGN_STYLE = Automatic;
				CURRENT_PROJECT_VERSION = 1;
				DEVELOPMENT_TEAM = 8R2XG7VUGN;
				GENERATE_INFOPLIST_FILE = YES;
				IPHONEOS_DEPLOYMENT_TARGET = 16.4;
				MARKETING_VERSION = 1.0;
				PRODUCT_BUNDLE_IDENTIFIER = com.nomadmack.NetfloxTests;
				PRODUCT_NAME = "$(TARGET_NAME)";
				SWIFT_EMIT_LOC_STRINGS = NO;
				SWIFT_VERSION = 5.0;
				TARGETED_DEVICE_FAMILY = "1,2";
				TEST_HOST = "$(BUILT_PRODUCTS_DIR)/Netflox.app/$(BUNDLE_EXECUTABLE_FOLDER_PATH)/Netflox";
			};
			name = Release;
		};
		CED770E82A58703C00A00951 /* Debug */ = {
			isa = XCBuildConfiguration;
			buildSettings = {
				ALWAYS_EMBED_SWIFT_STANDARD_LIBRARIES = YES;
				CODE_SIGN_STYLE = Automatic;
				CURRENT_PROJECT_VERSION = 1;
				DEVELOPMENT_TEAM = 8R2XG7VUGN;
				GENERATE_INFOPLIST_FILE = YES;
				MARKETING_VERSION = 1.0;
				PRODUCT_BUNDLE_IDENTIFIER = com.nomadmack.NetfloxUITests;
				PRODUCT_NAME = "$(TARGET_NAME)";
				SWIFT_EMIT_LOC_STRINGS = NO;
				SWIFT_VERSION = 5.0;
				TARGETED_DEVICE_FAMILY = "1,2";
				TEST_TARGET_NAME = Netflox;
			};
			name = Debug;
		};
		CED770E92A58703C00A00951 /* Release */ = {
			isa = XCBuildConfiguration;
			buildSettings = {
				ALWAYS_EMBED_SWIFT_STANDARD_LIBRARIES = YES;
				CODE_SIGN_STYLE = Automatic;
				CURRENT_PROJECT_VERSION = 1;
				DEVELOPMENT_TEAM = 8R2XG7VUGN;
				GENERATE_INFOPLIST_FILE = YES;
				MARKETING_VERSION = 1.0;
				PRODUCT_BUNDLE_IDENTIFIER = com.nomadmack.NetfloxUITests;
				PRODUCT_NAME = "$(TARGET_NAME)";
				SWIFT_EMIT_LOC_STRINGS = NO;
				SWIFT_VERSION = 5.0;
				TARGETED_DEVICE_FAMILY = "1,2";
				TEST_TARGET_NAME = Netflox;
			};
			name = Release;
		};
/* End XCBuildConfiguration section */

/* Begin XCConfigurationList section */
		CED770B22A58703A00A00951 /* Build configuration list for PBXProject "Netflox" */ = {
			isa = XCConfigurationList;
			buildConfigurations = (
				CED770DF2A58703C00A00951 /* Debug */,
				CED770E02A58703C00A00951 /* Release */,
			);
			defaultConfigurationIsVisible = 0;
			defaultConfigurationName = Release;
		};
		CED770E12A58703C00A00951 /* Build configuration list for PBXNativeTarget "Netflox" */ = {
			isa = XCConfigurationList;
			buildConfigurations = (
				CED770E22A58703C00A00951 /* Debug */,
				CED770E32A58703C00A00951 /* Release */,
			);
			defaultConfigurationIsVisible = 0;
			defaultConfigurationName = Release;
		};
		CED770E42A58703C00A00951 /* Build configuration list for PBXNativeTarget "NetfloxTests" */ = {
			isa = XCConfigurationList;
			buildConfigurations = (
				CED770E52A58703C00A00951 /* Debug */,
				CED770E62A58703C00A00951 /* Release */,
			);
			defaultConfigurationIsVisible = 0;
			defaultConfigurationName = Release;
		};
		CED770E72A58703C00A00951 /* Build configuration list for PBXNativeTarget "NetfloxUITests" */ = {
			isa = XCConfigurationList;
			buildConfigurations = (
				CED770E82A58703C00A00951 /* Debug */,
				CED770E92A58703C00A00951 /* Release */,
			);
			defaultConfigurationIsVisible = 0;
			defaultConfigurationName = Release;
		};
/* End XCConfigurationList section */

/* Begin XCRemoteSwiftPackageReference section */
		CE76EFEA2A5C78E500F00C6F /* XCRemoteSwiftPackageReference "SDWebImage" */ = {
			isa = XCRemoteSwiftPackageReference;
			repositoryURL = "https://github.com/SDWebImage/SDWebImage.git";
			requirement = {
				kind = upToNextMajorVersion;
				minimumVersion = 5.0.0;
			};
		};
/* End XCRemoteSwiftPackageReference section */

/* Begin XCSwiftPackageProductDependency section */
		CE76EFEB2A5C78E500F00C6F /* SDWebImage */ = {
			isa = XCSwiftPackageProductDependency;
			package = CE76EFEA2A5C78E500F00C6F /* XCRemoteSwiftPackageReference "SDWebImage" */;
			productName = SDWebImage;
		};
		CE76EFED2A5C78E500F00C6F /* SDWebImageMapKit */ = {
			isa = XCSwiftPackageProductDependency;
			package = CE76EFEA2A5C78E500F00C6F /* XCRemoteSwiftPackageReference "SDWebImage" */;
			productName = SDWebImageMapKit;
		};
/* End XCSwiftPackageProductDependency section */

/* Begin XCVersionGroup section */
		CEA09A832A5DA03F004770E7 /* NetfloxModel.xcdatamodeld */ = {
			isa = XCVersionGroup;
			children = (
				CEA09A842A5DA03F004770E7 /* NetfloxModel.xcdatamodel */,
			);
			currentVersion = CEA09A842A5DA03F004770E7 /* NetfloxModel.xcdatamodel */;
			path = NetfloxModel.xcdatamodeld;
			sourceTree = "<group>";
			versionGroupType = wrapper.xcdatamodel;
		};
/* End XCVersionGroup section */
	};
	rootObject = CED770AF2A58703A00A00951 /* Project object */;
}
